
Microsoft Visual Studio Solution File, Format Version 12.00
# Visual Studio Version 17
VisualStudioVersion = 17.13.35828.75 d17.13
MinimumVisualStudioVersion = 10.0.40219.1
Project("{FAE04EC0-301F-11D3-BF4B-00C04F79EFBC}") = "BuilderReport", "BuilderReport\BuilderReport.csproj", "{052F0630-FDD9-4A4F-9C33-E0F760E1DEDB}"
EndProject
Global
	GlobalSection(SolutionConfigurationPlatforms) = preSolution
		Debug|Any CPU = Debug|Any CPU
		Release|Any CPU = Release|Any CPU
	EndGlobalSection
	GlobalSection(ProjectConfigurationPlatforms) = postSolution
		{052F0630-FDD9-4A4F-9C33-E0F760E1DEDB}.Debug|Any CPU.ActiveCfg = Debug|Any CPU
		{052F0630-FDD9-4A4F-9C33-E0F760E1DEDB}.Debug|Any CPU.Build.0 = Debug|Any CPU
		{052F0630-FDD9-4A4F-9C33-E0F760E1DEDB}.Release|Any CPU.ActiveCfg = Release|Any CPU
		{052F0630-FDD9-4A4F-9C33-E0F760E1DEDB}.Release|Any CPU.Build.0 = Release|Any CPU
	EndGlobalSection
	GlobalSection(SolutionProperties) = preSolution
		HideSolutionNode = FALSE
	EndGlobalSection
	GlobalSection(ExtensibilityGlobals) = postSolution
		SolutionGuid = {9C536271-C29F-4CFB-9871-D906C19D6D0C}
	EndGlobalSection
EndGlobal
